<?xml version="1.0" encoding="utf-8"?>
<Project ToolsVersion="12.0" xmlns="http://schemas.microsoft.com/developer/msbuild/2003">
  <ItemGroup>
    <ClCompile Include="lwIP\ports\solid\asp3\sys_arch.c" />
    <ClCompile Include="lwIP\ports\solid\common\impl_net_stack.c" />
    <ClCompile Include="lwIP\ports\solid\common\impl_net_stack_errno.c" />
    <ClCompile Include="lwIP\ports\solid\common\netif\ethernetif.c" />
    <ClCompile Include="lwIP\src\api\api_lib.c" />
    <ClCompile Include="lwIP\src\api\api_msg.c" />
    <ClCompile Include="lwIP\src\api\err.c" />
    <ClCompile Include="lwIP\src\api\netbuf.c" />
    <ClCompile Include="lwIP\src\api\netdb.c" />
    <ClCompile Include="lwIP\src\api\netifapi.c" />
    <ClCompile Include="lwIP\src\api\sockets.c" />
    <ClCompile Include="lwIP\src\api\tcpip.c" />
    <ClCompile Include="lwIP\src\core\def.c" />
    <ClCompile Include="lwIP\src\core\dns.c" />
    <ClCompile Include="lwIP\src\core\inet_chksum.c" />
    <ClCompile Include="lwIP\src\core\init.c" />
    <ClCompile Include="lwIP\src\core\ip.c" />
    <ClCompile Include="lwIP\src\core\ipv4\autoip.c" />
    <ClCompile Include="lwIP\src\core\ipv4\dhcp.c" />
    <ClCompile Include="lwIP\src\core\ipv4\etharp.c" />
    <ClCompile Include="lwIP\src\core\ipv4\icmp.c" />
    <ClCompile Include="lwIP\src\core\ipv4\igmp.c" />
    <ClCompile Include="lwIP\src\core\ipv4\ip4.c" />
    <ClCompile Include="lwIP\src\core\ipv4\ip4_addr.c" />
    <ClCompile Include="lwIP\src\core\ipv4\ip4_frag.c" />
    <ClCompile Include="lwIP\src\core\ipv6\dhcp6.c" />
    <ClCompile Include="lwIP\src\core\ipv6\ethip6.c" />
    <ClCompile Include="lwIP\src\core\ipv6\icmp6.c" />
    <ClCompile Include="lwIP\src\core\ipv6\inet6.c" />
    <ClCompile Include="lwIP\src\core\ipv6\ip6.c" />
    <ClCompile Include="lwIP\src\core\ipv6\ip6_addr.c" />
    <ClCompile Include="lwIP\src\core\ipv6\ip6_frag.c" />
    <ClCompile Include="lwIP\src\core\ipv6\mld6.c" />
    <ClCompile Include="lwIP\src\core\ipv6\nd6.c" />
    <ClCompile Include="lwIP\src\core\mem.c" />
    <ClCompile Include="lwIP\src\core\memp.c" />
    <ClCompile Include="lwIP\src\core\netif.c" />
    <ClCompile Include="lwIP\src\netif.c" />
    <ClCompile Include="lwIP\src\core\pbuf.c" />
    <ClCompile Include="lwIP\src\core\raw.c" />
    <ClCompile Include="lwIP\src\core\stats.c" />
    <ClCompile Include="lwIP\src\core\sys.c" />
    <ClCompile Include="lwIP\src\core\tcp.c" />
    <ClCompile Include="lwIP\src\core\tcp_in.c" />
    <ClCompile Include="lwIP\src\core\tcp_out.c" />
    <ClCompile Include="lwIP\src\core\timeouts.c" />
    <ClCompile Include="lwIP\src\core\udp.c" />
    <ClCompile Include="lwIP\src\netif\ethernet.c" />
    <ClCompile Include="lwIP\src\netif\lowpan6.c" />
    <ClCompile Include="lwIP\src\netif\ppp\auth.c" />
    <ClCompile Include="lwIP\src\netif\ppp\ccp.c" />
    <ClCompile Include="lwIP\src\netif\ppp\chap-md5.c" />
    <ClCompile Include="lwIP\src\netif\ppp\chap-new.c" />
    <ClCompile Include="lwIP\src\netif\ppp\chap_ms.c" />
    <ClCompile Include="lwIP\src\netif\ppp\demand.c" />
    <ClCompile Include="lwIP\src\netif\ppp\eap.c" />
    <ClCompile Include="lwIP\src\netif\ppp\ecp.c" />
    <ClCompile Include="lwIP\src\netif\ppp\eui64.c" />
    <ClCompile Include="lwIP\src\netif\ppp\fsm.c" />
    <ClCompile Include="lwIP\src\netif\ppp\ipcp.c" />
    <ClCompile Include="lwIP\src\netif\ppp\ipv6cp.c" />
    <ClCompile Include="lwIP\src\netif\ppp\lcp.c" />
    <ClCompile Include="lwIP\src\netif\ppp\magic.c" />
    <ClCompile Include="lwIP\src\netif\ppp\mppe.c" />
    <ClCompile Include="lwIP\src\netif\ppp\multilink.c" />
    <ClCompile Include="lwIP\src\netif\ppp\polarssl\arc4.c" />
    <ClCompile Include="lwIP\src\netif\ppp\polarssl\des.c" />
    <ClCompile Include="lwIP\src\netif\ppp\polarssl\md4.c" />
    <ClCompile Include="lwIP\src\netif\ppp\polarssl\md5.c" />
    <ClCompile Include="lwIP\src\netif\ppp\polarssl\sha1.c" />
    <ClCompile Include="lwIP\src\netif\ppp\ppp.c" />
    <ClCompile Include="lwIP\src\netif\ppp\pppapi.c" />
    <ClCompile Include="lwIP\src\netif\ppp\pppcrypt.c" />
    <ClCompile Include="lwIP\src\netif\ppp\pppoe.c" />
    <ClCompile Include="lwIP\src\netif\ppp\pppol2tp.c" />
    <ClCompile Include="lwIP\src\netif\ppp\pppos.c" />
    <ClCompile Include="lwIP\src\netif\ppp\upap.c" />
    <ClCompile Include="lwIP\src\netif\ppp\utils.c" />
    <ClCompile Include="lwIP\src\netif\ppp\vj.c" />
    <ClCompile Include="solid_net_if.c" />
    <ClCompile Include="solid_net_registerapi.c" />
  </ItemGroup>
  <ItemGroup>
    <ClInclude Include="..\..\core\inc\impl_net_stack.h" />
    <ClInclude Include="..\..\core\inc\impl_net_types.h" />
    <ClInclude Include="lwIP\src\include\lwip\netif.h" />
    <ClInclude Include="solid_net_registerapi.h" />
  </ItemGroup>
</Project>